
Microsoft Visual Studio Solution File, Format Version 12.00
# Visual Studio 15
VisualStudioVersion = 15.0.28307.421
MinimumVisualStudioVersion = 10.0.40219.1
Project("{E24C65DC-7377-472B-9ABA-BC803B73C61A}") = "EMPLOYEE MOVEMENT", "EMPLOYEE MOVEMENT\", "{D9F9F065-DD15-47F0-8C73-8B34575FAF56}"
	ProjectSection(WebsiteProperties) = preProject
		TargetFrameworkMoniker = ".NETFramework,Version%3Dv4.6"
		Debug.AspNetCompiler.VirtualPath = "/localhost_53550"
		Debug.AspNetCompiler.PhysicalPath = "C:\\Jenkins\\workspace\\Dotnet_Build\\EMPLOYEE MOVEMENT\EMPLOYEE MOVEMENT"
		Debug.AspNetCompiler.TargetPath = "PrecompiledWeb\localhost_53550\"
		Debug.AspNetCompiler.Updateable = "true"
		Debug.AspNetCompiler.ForceOverwrite = "true"
		Debug.AspNetCompiler.FixedNames = "false"
		Debug.AspNetCompiler.Debug = "True"
		Release.AspNetCompiler.VirtualPath = "/localhost_53550"
		Release.AspNetCompiler.PhysicalPath = "C:\\Jenkins\\workspace\\Dotnet_Build\\EMPLOYEE MOVEMENT\EMPLOYEE MOVEMENT"
		Release.AspNetCompiler.TargetPath = "PrecompiledWeb\localhost_53550\"
		Release.AspNetCompiler.Updateable = "true"
		Release.AspNetCompiler.ForceOverwrite = "true"
		Release.AspNetCompiler.FixedNames = "false"
		Release.AspNetCompiler.Debug = "True"
		VWDPort = 53550
	EndProjectSection
EndProject
Global
	GlobalSection(SolutionConfigurationPlatforms) = preSolution
		Debug|Any CPU = Debug|Any CPU
	EndGlobalSection
	GlobalSection(ProjectConfigurationPlatforms) = postSolution
		{D9F9F065-DD15-47F0-8C73-8B34575FAF56}.Debug|Any CPU.ActiveCfg = Debug|Any CPU
		{D9F9F065-DD15-47F0-8C73-8B34575FAF56}.Debug|Any CPU.Build.0 = Debug|Any CPU
	EndGlobalSection
	GlobalSection(SolutionProperties) = preSolution
		HideSolutionNode = FALSE
	EndGlobalSection
	GlobalSection(ExtensibilityGlobals) = postSolution
		SolutionGuid = {6686AA38-4698-4F39-996F-81FC8170D018}
	EndGlobalSection
EndGlobal
